
Microsoft Visual Studio Solution File, Format Version 12.00
# Visual Studio 15
VisualStudioVersion = 15.0.28307.168
MinimumVisualStudioVersion = 10.0.40219.1
Project("{FAE04EC0-301F-11D3-BF4B-00C04F79EFBC}") = "CursoDesignPatterns", "CursoDesignPatterns\CursoDesignPatterns.csproj", "{3A724E42-A1B1-45A7-9EE4-AE6E278C75D6}"
EndProject
Global
	GlobalSection(SolutionConfigurationPlatforms) = preSolution
		Debug|Any CPU = Debug|Any CPU
		Release|Any CPU = Release|Any CPU
	EndGlobalSection
	GlobalSection(ProjectConfigurationPlatforms) = postSolution
		{3A724E42-A1B1-45A7-9EE4-AE6E278C75D6}.Debug|Any CPU.ActiveCfg = Debug|Any CPU
		{3A724E42-A1B1-45A7-9EE4-AE6E278C75D6}.Debug|Any CPU.Build.0 = Debug|Any CPU
		{3A724E42-A1B1-45A7-9EE4-AE6E278C75D6}.Release|Any CPU.ActiveCfg = Release|Any CPU
		{3A724E42-A1B1-45A7-9EE4-AE6E278C75D6}.Release|Any CPU.Build.0 = Release|Any CPU
	EndGlobalSection
	GlobalSection(SolutionProperties) = preSolution
		HideSolutionNode = FALSE
	EndGlobalSection
	GlobalSection(ExtensibilityGlobals) = postSolution
		SolutionGuid = {A58AE2F1-C3BF-4244-AB21-5BAB4677E8F6}
	EndGlobalSection
EndGlobal
